// !$*UTF8*$!
{
	archiveVersion = 1;
	classes = {
	};
	objectVersion = 56;
	objects = {

/* Begin PBXBuildFile section */
		D1784EDC2C4FD77E00BE6946 /* AppDelegate.swift in Sources */ = {isa = PBXBuildFile; fileRef = D1784EDB2C4FD77E00BE6946 /* AppDelegate.swift */; };
		D1784EDE2C4FD77E00BE6946 /* SceneDelegate.swift in Sources */ = {isa = PBXBuildFile; fileRef = D1784EDD2C4FD77E00BE6946 /* SceneDelegate.swift */; };
		D1784EE02C4FD77E00BE6946 /* ViewController.swift in Sources */ = {isa = PBXBuildFile; fileRef = D1784EDF2C4FD77E00BE6946 /* ViewController.swift */; };
		D1784EE32C4FD77E00BE6946 /* Base in Resources */ = {isa = PBXBuildFile; fileRef = D1784EE22C4FD77E00BE6946 /* Base */; };
		D1784EE52C4FD77F00BE6946 /* Assets.xcassets in Resources */ = {isa = PBXBuildFile; fileRef = D1784EE42C4FD77F00BE6946 /* Assets.xcassets */; };
		D1784EE82C4FD77F00BE6946 /* Base in Resources */ = {isa = PBXBuildFile; fileRef = D1784EE72C4FD77F00BE6946 /* Base */; };
		D1784EF32C4FD78000BE6946 /* video_playerTests.swift in Sources */ = {isa = PBXBuildFile; fileRef = D1784EF22C4FD78000BE6946 /* video_playerTests.swift */; };
		D1784EFD2C4FD78000BE6946 /* video_playerUITests.swift in Sources */ = {isa = PBXBuildFile; fileRef = D1784EFC2C4FD78000BE6946 /* video_playerUITests.swift */; };
		D1784EFF2C4FD78000BE6946 /* video_playerUITestsLaunchTests.swift in Sources */ = {isa = PBXBuildFile; fileRef = D1784EFE2C4FD78000BE6946 /* video_playerUITestsLaunchTests.swift */; };
		D1827DF72C52772B00C07A0E /* test.mp4 in Resources */ = {isa = PBXBuildFile; fileRef = D1827DF62C52772B00C07A0E /* test.mp4 */; };
/* End PBXBuildFile section */

/* Begin PBXContainerItemProxy section */
		D1784EEF2C4FD78000BE6946 /* PBXContainerItemProxy */ = {
			isa = PBXContainerItemProxy;
			containerPortal = D1784ED02C4FD77E00BE6946 /* Project object */;
			proxyType = 1;
			remoteGlobalIDString = D1784ED72C4FD77E00BE6946;
			remoteInfo = video_player;
		};
		D1784EF92C4FD78000BE6946 /* PBXContainerItemProxy */ = {
			isa = PBXContainerItemProxy;
			containerPortal = D1784ED02C4FD77E00BE6946 /* Project object */;
			proxyType = 1;
			remoteGlobalIDString = D1784ED72C4FD77E00BE6946;
			remoteInfo = video_player;
		};
/* End PBXContainerItemProxy section */

/* Begin PBXFileReference section */
		D1784ED82C4FD77E00BE6946 /* video_player.app */ = {isa = PBXFileReference; explicitFileType = wrapper.application; includeInIndex = 0; path = video_player.app; sourceTree = BUILT_PRODUCTS_DIR; };
		D1784EDB2C4FD77E00BE6946 /* AppDelegate.swift */ = {isa = PBXFileReference; lastKnownFileType = sourcecode.swift; path = AppDelegate.swift; sourceTree = "<group>"; };
		D1784EDD2C4FD77E00BE6946 /* SceneDelegate.swift */ = {isa = PBXFileReference; lastKnownFileType = sourcecode.swift; path = SceneDelegate.swift; sourceTree = "<group>"; };
		D1784EDF2C4FD77E00BE6946 /* ViewController.swift */ = {isa = PBXFileReference; lastKnownFileType = sourcecode.swift; path = ViewController.swift; sourceTree = "<group>"; };
		D1784EE22C4FD77E00BE6946 /* Base */ = {isa = PBXFileReference; lastKnownFileType = file.storyboard; name = Base; path = Base.lproj/Main.storyboard; sourceTree = "<group>"; };
		D1784EE42C4FD77F00BE6946 /* Assets.xcassets */ = {isa = PBXFileReference; lastKnownFileType = folder.assetcatalog; path = Assets.xcassets; sourceTree = "<group>"; };
		D1784EE72C4FD77F00BE6946 /* Base */ = {isa = PBXFileReference; lastKnownFileType = file.storyboard; name = Base; path = Base.lproj/LaunchScreen.storyboard; sourceTree = "<group>"; };
		D1784EE92C4FD77F00BE6946 /* Info.plist */ = {isa = PBXFileReference; lastKnownFileType = text.plist.xml; path = Info.plist; sourceTree = "<group>"; };
		D1784EEE2C4FD78000BE6946 /* video_playerTests.xctest */ = {isa = PBXFileReference; explicitFileType = wrapper.cfbundle; includeInIndex = 0; path = video_playerTests.xctest; sourceTree = BUILT_PRODUCTS_DIR; };
		D1784EF22C4FD78000BE6946 /* video_playerTests.swift */ = {isa = PBXFileReference; lastKnownFileType = sourcecode.swift; path = video_playerTests.swift; sourceTree = "<group>"; };
		D1784EF82C4FD78000BE6946 /* video_playerUITests.xctest */ = {isa = PBXFileReference; explicitFileType = wrapper.cfbundle; includeInIndex = 0; path = video_playerUITests.xctest; sourceTree = BUILT_PRODUCTS_DIR; };
		D1784EFC2C4FD78000BE6946 /* video_playerUITests.swift */ = {isa = PBXFileReference; lastKnownFileType = sourcecode.swift; path = video_playerUITests.swift; sourceTree = "<group>"; };
		D1784EFE2C4FD78000BE6946 /* video_playerUITestsLaunchTests.swift */ = {isa = PBXFileReference; lastKnownFileType = sourcecode.swift; path = video_playerUITestsLaunchTests.swift; sourceTree = "<group>"; };
		D1827DF62C52772B00C07A0E /* test.mp4 */ = {isa = PBXFileReference; lastKnownFileType = file; name = test.mp4; path = ../../../Desktop/test.mp4; sourceTree = "<group>"; };
/* End PBXFileReference section */

/* Begin PBXFrameworksBuildPhase section */
		D1784ED52C4FD77E00BE6946 /* Frameworks */ = {
			isa = PBXFrameworksBuildPhase;
			buildActionMask = 2147483647;
			files = (
			);
			runOnlyForDeploymentPostprocessing = 0;
		};
		D1784EEB2C4FD78000BE6946 /* Frameworks */ = {
			isa = PBXFrameworksBuildPhase;
			buildActionMask = 2147483647;
			files = (
			);
			runOnlyForDeploymentPostprocessing = 0;
		};
		D1784EF52C4FD78000BE6946 /* Frameworks */ = {
			isa = PBXFrameworksBuildPhase;
			buildActionMask = 2147483647;
			files = (
			);
			runOnlyForDeploymentPostprocessing = 0;
		};
/* End PBXFrameworksBuildPhase section */

/* Begin PBXGroup section */
		D1784ECF2C4FD77E00BE6946 = {
			isa = PBXGroup;
			children = (
				D1784EDA2C4FD77E00BE6946 /* video_player */,
				D1784EF12C4FD78000BE6946 /* video_playerTests */,
				D1784EFB2C4FD78000BE6946 /* video_playerUITests */,
				D1784ED92C4FD77E00BE6946 /* Products */,
			);
			sourceTree = "<group>";
		};
		D1784ED92C4FD77E00BE6946 /* Products */ = {
			isa = PBXGroup;
			children = (
				D1784ED82C4FD77E00BE6946 /* video_player.app */,
				D1784EEE2C4FD78000BE6946 /* video_playerTests.xctest */,
				D1784EF82C4FD78000BE6946 /* video_playerUITests.xctest */,
			);
			name = Products;
			sourceTree = "<group>";
		};
		D1784EDA2C4FD77E00BE6946 /* video_player */ = {
			isa = PBXGroup;
			children = (
				D1784EDB2C4FD77E00BE6946 /* AppDelegate.swift */,
				D1784EDD2C4FD77E00BE6946 /* SceneDelegate.swift */,
				D1784EDF2C4FD77E00BE6946 /* ViewController.swift */,
				D1784EE12C4FD77E00BE6946 /* Main.storyboard */,
				D1827DF62C52772B00C07A0E /* test.mp4 */,
				D1784EE42C4FD77F00BE6946 /* Assets.xcassets */,
				D1784EE62C4FD77F00BE6946 /* LaunchScreen.storyboard */,
				D1784EE92C4FD77F00BE6946 /* Info.plist */,
			);
			path = video_player;
			sourceTree = "<group>";
		};
		D1784EF12C4FD78000BE6946 /* video_playerTests */ = {
			isa = PBXGroup;
			children = (
				D1784EF22C4FD78000BE6946 /* video_playerTests.swift */,
			);
			path = video_playerTests;
			sourceTree = "<group>";
		};
		D1784EFB2C4FD78000BE6946 /* video_playerUITests */ = {
			isa = PBXGroup;
			children = (
				D1784EFC2C4FD78000BE6946 /* video_playerUITests.swift */,
				D1784EFE2C4FD78000BE6946 /* video_playerUITestsLaunchTests.swift */,
			);
			path = video_playerUITests;
			sourceTree = "<group>";
		};
/* End PBXGroup section */

/* Begin PBXNativeTarget section */
		D1784ED72C4FD77E00BE6946 /* video_player */ = {
			isa = PBXNativeTarget;
			buildConfigurationList = D1784F022C4FD78000BE6946 /* Build configuration list for PBXNativeTarget "video_player" */;
			buildPhases = (
				D1784ED42C4FD77E00BE6946 /* Sources */,
				D1784ED52C4FD77E00BE6946 /* Frameworks */,
				D1784ED62C4FD77E00BE6946 /* Resources */,
			);
			buildRules = (
			);
			dependencies = (
			);
			name = video_player;
			productName = video_player;
			productReference = D1784ED82C4FD77E00BE6946 /* video_player.app */;
			productType = "com.apple.product-type.application";
		};
		D1784EED2C4FD78000BE6946 /* video_playerTests */ = {
			isa = PBXNativeTarget;
			buildConfigurationList = D1784F052C4FD78000BE6946 /* Build configuration list for PBXNativeTarget "video_playerTests" */;
			buildPhases = (
				D1784EEA2C4FD78000BE6946 /* Sources */,
				D1784EEB2C4FD78000BE6946 /* Frameworks */,
				D1784EEC2C4FD78000BE6946 /* Resources */,
			);
			buildRules = (
			);
			dependencies = (
				D1784EF02C4FD78000BE6946 /* PBXTargetDependency */,
			);
			name = video_playerTests;
			productName = video_playerTests;
			productReference = D1784EEE2C4FD78000BE6946 /* video_playerTests.xctest */;
			productType = "com.apple.product-type.bundle.unit-test";
		};
		D1784EF72C4FD78000BE6946 /* video_playerUITests */ = {
			isa = PBXNativeTarget;
			buildConfigurationList = D1784F082C4FD78000BE6946 /* Build configuration list for PBXNativeTarget "video_playerUITests" */;
			buildPhases = (
				D1784EF42C4FD78000BE6946 /* Sources */,
				D1784EF52C4FD78000BE6946 /* Frameworks */,
				D1784EF62C4FD78000BE6946 /* Resources */,
			);
			buildRules = (
			);
			dependencies = (
				D1784EFA2C4FD78000BE6946 /* PBXTargetDependency */,
			);
			name = video_playerUITests;
			productName = video_playerUITests;
			productReference = D1784EF82C4FD78000BE6946 /* video_playerUITests.xctest */;
			productType = "com.apple.product-type.bundle.ui-testing";
		};
/* End PBXNativeTarget section */

/* Begin PBXProject section */
		D1784ED02C4FD77E00BE6946 /* Project object */ = {
			isa = PBXProject;
			attributes = {
				BuildIndependentTargetsInParallel = 1;
				LastSwiftUpdateCheck = 1540;
				LastUpgradeCheck = 1540;
				TargetAttributes = {
					D1784ED72C4FD77E00BE6946 = {
						CreatedOnToolsVersion = 15.4;
					};
					D1784EED2C4FD78000BE6946 = {
						CreatedOnToolsVersion = 15.4;
						TestTargetID = D1784ED72C4FD77E00BE6946;
					};
					D1784EF72C4FD78000BE6946 = {
						CreatedOnToolsVersion = 15.4;
						TestTargetID = D1784ED72C4FD77E00BE6946;
					};
				};
			};
			buildConfigurationList = D1784ED32C4FD77E00BE6946 /* Build configuration list for PBXProject "video_player" */;
			compatibilityVersion = "Xcode 14.0";
			developmentRegion = en;
			hasScannedForEncodings = 0;
			knownRegions = (
				en,
				Base,
			);
			mainGroup = D1784ECF2C4FD77E00BE6946;
			productRefGroup = D1784ED92C4FD77E00BE6946 /* Products */;
			projectDirPath = "";
			projectRoot = "";
			targets = (
				D1784ED72C4FD77E00BE6946 /* video_player */,
				D1784EED2C4FD78000BE6946 /* video_playerTests */,
				D1784EF72C4FD78000BE6946 /* video_playerUITests */,
			);
		};
/* End PBXProject section */

/* Begin PBXResourcesBuildPhase section */
		D1784ED62C4FD77E00BE6946 /* Resources */ = {
			isa = PBXResourcesBuildPhase;
			buildActionMask = 2147483647;
			files = (
				D1784EE52C4FD77F00BE6946 /* Assets.xcassets in Resources */,
				D1784EE82C4FD77F00BE6946 /* Base in Resources */,
				D1784EE32C4FD77E00BE6946 /* Base in Resources */,
				D1827DF72C52772B00C07A0E /* test.mp4 in Resources */,
			);
			runOnlyForDeploymentPostprocessing = 0;
		};
		D1784EEC2C4FD78000BE6946 /* Resources */ = {
			isa = PBXResourcesBuildPhase;
			buildActionMask = 2147483647;
			files = (
			);
			runOnlyForDeploymentPostprocessing = 0;
		};
		D1784EF62C4FD78000BE6946 /* Resources */ = {
			isa = PBXResourcesBuildPhase;
			buildActionMask = 2147483647;
			files = (
			);
			runOnlyForDeploymentPostprocessing = 0;
		};
/* End PBXResourcesBuildPhase section */

/* Begin PBXSourcesBuildPhase section */
		D1784ED42C4FD77E00BE6946 /* Sources */ = {
			isa = PBXSourcesBuildPhase;
			buildActionMask = 2147483647;
			files = (
				D1784EE02C4FD77E00BE6946 /* ViewController.swift in Sources */,
				D1784EDC2C4FD77E00BE6946 /* AppDelegate.swift in Sources */,
				D1784EDE2C4FD77E00BE6946 /* SceneDelegate.swift in Sources */,
			);
			runOnlyForDeploymentPostprocessing = 0;
		};
		D1784EEA2C4FD78000BE6946 /* Sources */ = {
			isa = PBXSourcesBuildPhase;
			buildActionMask = 2147483647;
			files = (
				D1784EF32C4FD78000BE6946 /* video_playerTests.swift in Sources */,
			);
			runOnlyForDeploymentPostprocessing = 0;
		};
		D1784EF42C4FD78000BE6946 /* Sources */ = {
			isa = PBXSourcesBuildPhase;
			buildActionMask = 2147483647;
			files = (
				D1784EFD2C4FD78000BE6946 /* video_playerUITests.swift in Sources */,
				D1784EFF2C4FD78000BE6946 /* video_playerUITestsLaunchTests.swift in Sources */,
			);
			runOnlyForDeploymentPostprocessing = 0;
		};
/* End PBXSourcesBuildPhase section */

/* Begin PBXTargetDependency section */
		D1784EF02C4FD78000BE6946 /* PBXTargetDependency */ = {
			isa = PBXTargetDependency;
			target = D1784ED72C4FD77E00BE6946 /* video_player */;
			targetProxy = D1784EEF2C4FD78000BE6946 /* PBXContainerItemProxy */;
		};
		D1784EFA2C4FD78000BE6946 /* PBXTargetDependency */ = {
			isa = PBXTargetDependency;
			target = D1784ED72C4FD77E00BE6946 /* video_player */;
			targetProxy = D1784EF92C4FD78000BE6946 /* PBXContainerItemProxy */;
		};
/* End PBXTargetDependency section */

/* Begin PBXVariantGroup section */
		D1784EE12C4FD77E00BE6946 /* Main.storyboard */ = {
			isa = PBXVariantGroup;
			children = (
				D1784EE22C4FD77E00BE6946 /* Base */,
			);
			name = Main.storyboard;
			sourceTree = "<group>";
		};
		D1784EE62C4FD77F00BE6946 /* LaunchScreen.storyboard */ = {
			isa = PBXVariantGroup;
			children = (
				D1784EE72C4FD77F00BE6946 /* Base */,
			);
			name = LaunchScreen.storyboard;
			sourceTree = "<group>";
		};
/* End PBXVariantGroup section */

/* Begin XCBuildConfiguration section */
		D1784F002C4FD78000BE6946 /* Debug */ = {
			isa = XCBuildConfiguration;
			buildSettings = {
				ALWAYS_SEARCH_USER_PATHS = NO;
				ASSETCATALOG_COMPILER_GENERATE_SWIFT_ASSET_SYMBOL_EXTENSIONS = YES;
				CLANG_ANALYZER_NONNULL = YES;
				CLANG_ANALYZER_NUMBER_OBJECT_CONVERSION = YES_AGGRESSIVE;
				CLANG_CXX_LANGUAGE_STANDARD = "gnu++20";
				CLANG_ENABLE_MODULES = YES;
				CLANG_ENABLE_OBJC_ARC = YES;
				CLANG_ENABLE_OBJC_WEAK = YES;
				CLANG_WARN_BLOCK_CAPTURE_AUTORELEASING = YES;
				CLANG_WARN_BOOL_CONVERSION = YES;
				CLANG_WARN_COMMA = YES;
				CLANG_WARN_CONSTANT_CONVERSION = YES;
				CLANG_WARN_DEPRECATED_OBJC_IMPLEMENTATIONS = YES;
				CLANG_WARN_DIRECT_OBJC_ISA_USAGE = YES_ERROR;
				CLANG_WARN_DOCUMENTATION_COMMENTS = YES;
				CLANG_WARN_EMPTY_BODY = YES;
				CLANG_WARN_ENUM_CONVERSION = YES;
				CLANG_WARN_INFINITE_RECURSION = YES;
				CLANG_WARN_INT_CONVERSION = YES;
				CLANG_WARN_NON_LITERAL_NULL_CONVERSION = YES;
				CLANG_WARN_OBJC_IMPLICIT_RETAIN_SELF = YES;
				CLANG_WARN_OBJC_LITERAL_CONVERSION = YES;
				CLANG_WARN_OBJC_ROOT_CLASS = YES_ERROR;
				CLANG_WARN_QUOTED_INCLUDE_IN_FRAMEWORK_HEADER = YES;
				CLANG_WARN_RANGE_LOOP_ANALYSIS = YES;
				CLANG_WARN_STRICT_PROTOTYPES = YES;
				CLANG_WARN_SUSPICIOUS_MOVE = YES;
				CLANG_WARN_UNGUARDED_AVAILABILITY = YES_AGGRESSIVE;
				CLANG_WARN_UNREACHABLE_CODE = YES;
				CLANG_WARN__DUPLICATE_METHOD_MATCH = YES;
				COPY_PHASE_STRIP = NO;
				DEBUG_INFORMATION_FORMAT = dwarf;
				ENABLE_STRICT_OBJC_MSGSEND = YES;
				ENABLE_TESTABILITY = YES;
				ENABLE_USER_SCRIPT_SANDBOXING = YES;
				GCC_C_LANGUAGE_STANDARD = gnu17;
				GCC_DYNAMIC_NO_PIC = NO;
				GCC_NO_COMMON_BLOCKS = YES;
				GCC_OPTIMIZATION_LEVEL = 0;
				GCC_PREPROCESSOR_DEFINITIONS = (
					"DEBUG=1",
					"$(inherited)",
				);
				GCC_WARN_64_TO_32_BIT_CONVERSION = YES;
				GCC_WARN_ABOUT_RETURN_TYPE = YES_ERROR;
				GCC_WARN_UNDECLARED_SELECTOR = YES;
				GCC_WARN_UNINITIALIZED_AUTOS = YES_AGGRESSIVE;
				GCC_WARN_UNUSED_FUNCTION = YES;
				GCC_WARN_UNUSED_VARIABLE = YES;
				IPHONEOS_DEPLOYMENT_TARGET = 17.5;
				LOCALIZATION_PREFERS_STRING_CATALOGS = YES;
				MTL_ENABLE_DEBUG_INFO = INCLUDE_SOURCE;
				MTL_FAST_MATH = YES;
				ONLY_ACTIVE_ARCH = YES;
				SDKROOT = iphoneos;
				SWIFT_ACTIVE_COMPILATION_CONDITIONS = "DEBUG $(inherited)";
				SWIFT_OPTIMIZATION_LEVEL = "-Onone";
			};
			name = Debug;
		};
		D1784F012C4FD78000BE6946 /* Release */ = {
			isa = XCBuildConfiguration;
			buildSettings = {
				ALWAYS_SEARCH_USER_PATHS = NO;
				ASSETCATALOG_COMPILER_GENERATE_SWIFT_ASSET_SYMBOL_EXTENSIONS = YES;
				CLANG_ANALYZER_NONNULL = YES;
				CLANG_ANALYZER_NUMBER_OBJECT_CONVERSION = YES_AGGRESSIVE;
				CLANG_CXX_LANGUAGE_STANDARD = "gnu++20";
				CLANG_ENABLE_MODULES = YES;
				CLANG_ENABLE_OBJC_ARC = YES;
				CLANG_ENABLE_OBJC_WEAK = YES;
				CLANG_WARN_BLOCK_CAPTURE_AUTORELEASING = YES;
				CLANG_WARN_BOOL_CONVERSION = YES;
				CLANG_WARN_COMMA = YES;
				CLANG_WARN_CONSTANT_CONVERSION = YES;
				CLANG_WARN_DEPRECATED_OBJC_IMPLEMENTATIONS = YES;
				CLANG_WARN_DIRECT_OBJC_ISA_USAGE = YES_ERROR;
				CLANG_WARN_DOCUMENTATION_COMMENTS = YES;
				CLANG_WARN_EMPTY_BODY = YES;
				CLANG_WARN_ENUM_CONVERSION = YES;
				CLANG_WARN_INFINITE_RECURSION = YES;
				CLANG_WARN_INT_CONVERSION = YES;
				CLANG_WARN_NON_LITERAL_NULL_CONVERSION = YES;
				CLANG_WARN_OBJC_IMPLICIT_RETAIN_SELF = YES;
				CLANG_WARN_OBJC_LITERAL_CONVERSION = YES;
				CLANG_WARN_OBJC_ROOT_CLASS = YES_ERROR;
				CLANG_WARN_QUOTED_INCLUDE_IN_FRAMEWORK_HEADER = YES;
				CLANG_WARN_RANGE_LOOP_ANALYSIS = YES;
				CLANG_WARN_STRICT_PROTOTYPES = YES;
				CLANG_WARN_SUSPICIOUS_MOVE = YES;
				CLANG_WARN_UNGUARDED_AVAILABILITY = YES_AGGRESSIVE;
				CLANG_WARN_UNREACHABLE_CODE = YES;
				CLANG_WARN__DUPLICATE_METHOD_MATCH = YES;
				COPY_PHASE_STRIP = NO;
				DEBUG_INFORMATION_FORMAT = "dwarf-with-dsym";
				ENABLE_NS_ASSERTIONS = NO;
				ENABLE_STRICT_OBJC_MSGSEND = YES;
				ENABLE_USER_SCRIPT_SANDBOXING = YES;
				GCC_C_LANGUAGE_STANDARD = gnu17;
				GCC_NO_COMMON_BLOCKS = YES;
				GCC_WARN_64_TO_32_BIT_CONVERSION = YES;
				GCC_WARN_ABOUT_RETURN_TYPE = YES_ERROR;
				GCC_WARN_UNDECLARED_SELECTOR = YES;
				GCC_WARN_UNINITIALIZED_AUTOS = YES_AGGRESSIVE;
				GCC_WARN_UNUSED_FUNCTION = YES;
				GCC_WARN_UNUSED_VARIABLE = YES;
				IPHONEOS_DEPLOYMENT_TARGET = 17.5;
				LOCALIZATION_PREFERS_STRING_CATALOGS = YES;
				MTL_ENABLE_DEBUG_INFO = NO;
				MTL_FAST_MATH = YES;
				SDKROOT = iphoneos;
				SWIFT_COMPILATION_MODE = wholemodule;
				VALIDATE_PRODUCT = YES;
			};
			name = Release;
		};
		D1784F032C4FD78000BE6946 /* Debug */ = {
			isa = XCBuildConfiguration;
			buildSettings = {
				ASSETCATALOG_COMPILER_APPICON_NAME = AppIcon;
				ASSETCATALOG_COMPILER_GLOBAL_ACCENT_COLOR_NAME = AccentColor;
				CODE_SIGN_STYLE = Automatic;
				CURRENT_PROJECT_VERSION = 1;
				GENERATE_INFOPLIST_FILE = YES;
				INFOPLIST_FILE = video_player/Info.plist;
				INFOPLIST_KEY_UIApplicationSupportsIndirectInputEvents = YES;
				INFOPLIST_KEY_UILaunchStoryboardName = LaunchScreen;
				INFOPLIST_KEY_UIMainStoryboardFile = Main;
				INFOPLIST_KEY_UISupportedInterfaceOrientations_iPad = "UIInterfaceOrientationPortrait UIInterfaceOrientationPortraitUpsideDown UIInterfaceOrientationLandscapeLeft UIInterfaceOrientationLandscapeRight";
				INFOPLIST_KEY_UISupportedInterfaceOrientations_iPhone = "UIInterfaceOrientationPortrait UIInterfaceOrientationLandscapeLeft UIInterfaceOrientationLandscapeRight";
				LD_RUNPATH_SEARCH_PATHS = (
					"$(inherited)",
					"@executable_path/Frameworks",
				);
				MARKETING_VERSION = 1.0;
				PRODUCT_BUNDLE_IDENTIFIER = "conan.video-player";
				PRODUCT_NAME = "$(TARGET_NAME)";
				SWIFT_EMIT_LOC_STRINGS = YES;
				SWIFT_VERSION = 5.0;
				TARGETED_DEVICE_FAMILY = "1,2";
			};
			name = Debug;
		};
		D1784F042C4FD78000BE6946 /* Release */ = {
			isa = XCBuildConfiguration;
			buildSettings = {
				ASSETCATALOG_COMPILER_APPICON_NAME = AppIcon;
				ASSETCATALOG_COMPILER_GLOBAL_ACCENT_COLOR_NAME = AccentColor;
				CODE_SIGN_STYLE = Automatic;
				CURRENT_PROJECT_VERSION = 1;
				GENERATE_INFOPLIST_FILE = YES;
				INFOPLIST_FILE = video_player/Info.plist;
				INFOPLIST_KEY_UIApplicationSupportsIndirectInputEvents = YES;
				INFOPLIST_KEY_UILaunchStoryboardName = LaunchScreen;
				INFOPLIST_KEY_UIMainStoryboardFile = Main;
				INFOPLIST_KEY_UISupportedInterfaceOrientations_iPad = "UIInterfaceOrientationPortrait UIInterfaceOrientationPortraitUpsideDown UIInterfaceOrientationLandscapeLeft UIInterfaceOrientationLandscapeRight";
				INFOPLIST_KEY_UISupportedInterfaceOrientations_iPhone = "UIInterfaceOrientationPortrait UIInterfaceOrientationLandscapeLeft UIInterfaceOrientationLandscapeRight";
				LD_RUNPATH_SEARCH_PATHS = (
					"$(inherited)",
					"@executable_path/Frameworks",
				);
				MARKETING_VERSION = 1.0;
				PRODUCT_BUNDLE_IDENTIFIER = "conan.video-player";
				PRODUCT_NAME = "$(TARGET_NAME)";
				SWIFT_EMIT_LOC_STRINGS = YES;
				SWIFT_VERSION = 5.0;
				TARGETED_DEVICE_FAMILY = "1,2";
			};
			name = Release;
		};
		D1784F062C4FD78000BE6946 /* Debug */ = {
			isa = XCBuildConfiguration;
			buildSettings = {
				ALWAYS_EMBED_SWIFT_STANDARD_LIBRARIES = YES;
				BUNDLE_LOADER = "$(TEST_HOST)";
				CODE_SIGN_STYLE = Automatic;
				CURRENT_PROJECT_VERSION = 1;
				GENERATE_INFOPLIST_FILE = YES;
				IPHONEOS_DEPLOYMENT_TARGET = 17.5;
				MARKETING_VERSION = 1.0;
				PRODUCT_BUNDLE_IDENTIFIER = "conan.video-playerTests";
				PRODUCT_NAME = "$(TARGET_NAME)";
				SWIFT_EMIT_LOC_STRINGS = NO;
				SWIFT_VERSION = 5.0;
				TARGETED_DEVICE_FAMILY = "1,2";
				TEST_HOST = "$(BUILT_PRODUCTS_DIR)/video_player.app/$(BUNDLE_EXECUTABLE_FOLDER_PATH)/video_player";
			};
			name = Debug;
		};
		D1784F072C4FD78000BE6946 /* Release */ = {
			isa = XCBuildConfiguration;
			buildSettings = {
				ALWAYS_EMBED_SWIFT_STANDARD_LIBRARIES = YES;
				BUNDLE_LOADER = "$(TEST_HOST)";
				CODE_SIGN_STYLE = Automatic;
				CURRENT_PROJECT_VERSION = 1;
				GENERATE_INFOPLIST_FILE = YES;
				IPHONEOS_DEPLOYMENT_TARGET = 17.5;
				MARKETING_VERSION = 1.0;
				PRODUCT_BUNDLE_IDENTIFIER = "conan.video-playerTests";
				PRODUCT_NAME = "$(TARGET_NAME)";
				SWIFT_EMIT_LOC_STRINGS = NO;
				SWIFT_VERSION = 5.0;
				TARGETED_DEVICE_FAMILY = "1,2";
				TEST_HOST = "$(BUILT_PRODUCTS_DIR)/video_player.app/$(BUNDLE_EXECUTABLE_FOLDER_PATH)/video_player";
			};
			name = Release;
		};
		D1784F092C4FD78000BE6946 /* Debug */ = {
			isa = XCBuildConfiguration;
			buildSettings = {
				ALWAYS_EMBED_SWIFT_STANDARD_LIBRARIES = YES;
				CODE_SIGN_STYLE = Automatic;
				CURRENT_PROJECT_VERSION = 1;
				GENERATE_INFOPLIST_FILE = YES;
				MARKETING_VERSION = 1.0;
				PRODUCT_BUNDLE_IDENTIFIER = "conan.video-playerUITests";
				PRODUCT_NAME = "$(TARGET_NAME)";
				SWIFT_EMIT_LOC_STRINGS = NO;
				SWIFT_VERSION = 5.0;
				TARGETED_DEVICE_FAMILY = "1,2";
				TEST_TARGET_NAME = video_player;
			};
			name = Debug;
		};
		D1784F0A2C4FD78000BE6946 /* Release */ = {
			isa = XCBuildConfiguration;
			buildSettings = {
				ALWAYS_EMBED_SWIFT_STANDARD_LIBRARIES = YES;
				CODE_SIGN_STYLE = Automatic;
				CURRENT_PROJECT_VERSION = 1;
				GENERATE_INFOPLIST_FILE = YES;
				MARKETING_VERSION = 1.0;
				PRODUCT_BUNDLE_IDENTIFIER = "conan.video-playerUITests";
				PRODUCT_NAME = "$(TARGET_NAME)";
				SWIFT_EMIT_LOC_STRINGS = NO;
				SWIFT_VERSION = 5.0;
				TARGETED_DEVICE_FAMILY = "1,2";
				TEST_TARGET_NAME = video_player;
			};
			name = Release;
		};
/* End XCBuildConfiguration section */

/* Begin XCConfigurationList section */
		D1784ED32C4FD77E00BE6946 /* Build configuration list for PBXProject "video_player" */ = {
			isa = XCConfigurationList;
			buildConfigurations = (
				D1784F002C4FD78000BE6946 /* Debug */,
				D1784F012C4FD78000BE6946 /* Release */,
			);
			defaultConfigurationIsVisible = 0;
			defaultConfigurationName = Release;
		};
		D1784F022C4FD78000BE6946 /* Build configuration list for PBXNativeTarget "video_player" */ = {
			isa = XCConfigurationList;
			buildConfigurations = (
				D1784F032C4FD78000BE6946 /* Debug */,
				D1784F042C4FD78000BE6946 /* Release */,
			);
			defaultConfigurationIsVisible = 0;
			defaultConfigurationName = Release;
		};
		D1784F052C4FD78000BE6946 /* Build configuration list for PBXNativeTarget "video_playerTests" */ = {
			isa = XCConfigurationList;
			buildConfigurations = (
				D1784F062C4FD78000BE6946 /* Debug */,
				D1784F072C4FD78000BE6946 /* Release */,
			);
			defaultConfigurationIsVisible = 0;
			defaultConfigurationName = Release;
		};
		D1784F082C4FD78000BE6946 /* Build configuration list for PBXNativeTarget "video_playerUITests" */ = {
			isa = XCConfigurationList;
			buildConfigurations = (
				D1784F092C4FD78000BE6946 /* Debug */,
				D1784F0A2C4FD78000BE6946 /* Release */,
			);
			defaultConfigurationIsVisible = 0;
			defaultConfigurationName = Release;
		};
/* End XCConfigurationList section */
	};
	rootObject = D1784ED02C4FD77E00BE6946 /* Project object */;
}
